// !$*UTF8*$!
{
	archiveVersion = 1;
	classes = {
	};
	objectVersion = 56;
	objects = {

/* Begin PBXBuildFile section */
		85B9341C2B07EDB40001394E /* HaveAtTheApp.swift in Sources */ = {isa = PBXBuildFile; fileRef = 85B9341B2B07EDB40001394E /* HaveAtTheApp.swift */; };
		85B934202B07EDB60001394E /* Assets.xcassets in Resources */ = {isa = PBXBuildFile; fileRef = 85B9341F2B07EDB60001394E /* Assets.xcassets */; };
		85B934242B07EDB60001394E /* Preview Assets.xcassets in Resources */ = {isa = PBXBuildFile; fileRef = 85B934232B07EDB60001394E /* Preview Assets.xcassets */; };
		85B9342B2B07EDDB0001394E /* InsultView.swift in Sources */ = {isa = PBXBuildFile; fileRef = 85B9342A2B07EDDB0001394E /* InsultView.swift */; };
		85B9342D2B07EDE20001394E /* Insult Generator.swift in Sources */ = {isa = PBXBuildFile; fileRef = 85B9342C2B07EDE20001394E /* Insult Generator.swift */; };
		85B9342F2B07EDE90001394E /* Launch Screen.storyboard in Resources */ = {isa = PBXBuildFile; fileRef = 85B9342E2B07EDE90001394E /* Launch Screen.storyboard */; };
		85BE01F02B1BF6DF00AE90E7 /* Insult.swift in Sources */ = {isa = PBXBuildFile; fileRef = 85BE01EF2B1BF6DF00AE90E7 /* Insult.swift */; };
		85C000462B167C9B007F4E70 /* ActivityVCWrapper.swift in Sources */ = {isa = PBXBuildFile; fileRef = 85C000452B167C9B007F4E70 /* ActivityVCWrapper.swift */; };
		85E4271F2B1E22480070D6E2 /* MainView.swift in Sources */ = {isa = PBXBuildFile; fileRef = 85E4271E2B1E22480070D6E2 /* MainView.swift */; };
		85EDB3872B1E37F600B292E4 /* HelperViews.swift in Sources */ = {isa = PBXBuildFile; fileRef = 85EDB3862B1E37F600B292E4 /* HelperViews.swift */; };
		85EDB38A2B1E44FE00B292E4 /* InsultListView.swift in Sources */ = {isa = PBXBuildFile; fileRef = 85EDB3892B1E44FE00B292E4 /* InsultListView.swift */; };
/* End PBXBuildFile section */

/* Begin PBXFileReference section */
		85B934182B07EDB40001394E /* HaveAtThe.app */ = {isa = PBXFileReference; explicitFileType = wrapper.application; includeInIndex = 0; path = HaveAtThe.app; sourceTree = BUILT_PRODUCTS_DIR; };
		85B9341B2B07EDB40001394E /* HaveAtTheApp.swift */ = {isa = PBXFileReference; lastKnownFileType = sourcecode.swift; path = HaveAtTheApp.swift; sourceTree = "<group>"; };
		85B9341F2B07EDB60001394E /* Assets.xcassets */ = {isa = PBXFileReference; lastKnownFileType = folder.assetcatalog; path = Assets.xcassets; sourceTree = "<group>"; };
		85B934212B07EDB60001394E /* HaveAtThe.entitlements */ = {isa = PBXFileReference; lastKnownFileType = text.plist.entitlements; path = HaveAtThe.entitlements; sourceTree = "<group>"; };
		85B934232B07EDB60001394E /* Preview Assets.xcassets */ = {isa = PBXFileReference; lastKnownFileType = folder.assetcatalog; path = "Preview Assets.xcassets"; sourceTree = "<group>"; };
		85B9342A2B07EDDB0001394E /* InsultView.swift */ = {isa = PBXFileReference; fileEncoding = 4; lastKnownFileType = sourcecode.swift; path = InsultView.swift; sourceTree = "<group>"; };
		85B9342C2B07EDE20001394E /* Insult Generator.swift */ = {isa = PBXFileReference; fileEncoding = 4; lastKnownFileType = sourcecode.swift; path = "Insult Generator.swift"; sourceTree = "<group>"; };
		85B9342E2B07EDE90001394E /* Launch Screen.storyboard */ = {isa = PBXFileReference; fileEncoding = 4; lastKnownFileType = file.storyboard; path = "Launch Screen.storyboard"; sourceTree = "<group>"; };
		85BE01EF2B1BF6DF00AE90E7 /* Insult.swift */ = {isa = PBXFileReference; lastKnownFileType = sourcecode.swift; path = Insult.swift; sourceTree = "<group>"; };
		85C000452B167C9B007F4E70 /* ActivityVCWrapper.swift */ = {isa = PBXFileReference; lastKnownFileType = sourcecode.swift; path = ActivityVCWrapper.swift; sourceTree = "<group>"; };
		85E4271E2B1E22480070D6E2 /* MainView.swift */ = {isa = PBXFileReference; lastKnownFileType = sourcecode.swift; path = MainView.swift; sourceTree = "<group>"; };
		85EDB3862B1E37F600B292E4 /* HelperViews.swift */ = {isa = PBXFileReference; lastKnownFileType = sourcecode.swift; path = HelperViews.swift; sourceTree = "<group>"; };
		85EDB3892B1E44FE00B292E4 /* InsultListView.swift */ = {isa = PBXFileReference; lastKnownFileType = sourcecode.swift; path = InsultListView.swift; sourceTree = "<group>"; };
/* End PBXFileReference section */

/* Begin PBXFrameworksBuildPhase section */
		85B934152B07EDB40001394E /* Frameworks */ = {
			isa = PBXFrameworksBuildPhase;
			buildActionMask = 2147483647;
			files = (
			);
			runOnlyForDeploymentPostprocessing = 0;
		};
/* End PBXFrameworksBuildPhase section */

/* Begin PBXGroup section */
		85B9340F2B07EDB40001394E = {
			isa = PBXGroup;
			children = (
				85B9341A2B07EDB40001394E /* HaveAtThe */,
				85B934192B07EDB40001394E /* Products */,
			);
			sourceTree = "<group>";
		};
		85B934192B07EDB40001394E /* Products */ = {
			isa = PBXGroup;
			children = (
				85B934182B07EDB40001394E /* HaveAtThe.app */,
			);
			name = Products;
			sourceTree = "<group>";
		};
		85B9341A2B07EDB40001394E /* HaveAtThe */ = {
			isa = PBXGroup;
			children = (
				85B9341B2B07EDB40001394E /* HaveAtTheApp.swift */,
				85EDB3882B1E44DF00B292E4 /* Views */,
				85EDB3862B1E37F600B292E4 /* HelperViews.swift */,
				85C000452B167C9B007F4E70 /* ActivityVCWrapper.swift */,
				85B9342C2B07EDE20001394E /* Insult Generator.swift */,
				85BE01EF2B1BF6DF00AE90E7 /* Insult.swift */,
				85B9342E2B07EDE90001394E /* Launch Screen.storyboard */,
				85B9341F2B07EDB60001394E /* Assets.xcassets */,
				85B934212B07EDB60001394E /* HaveAtThe.entitlements */,
				85B934222B07EDB60001394E /* Preview Content */,
			);
			path = HaveAtThe;
			sourceTree = "<group>";
		};
		85B934222B07EDB60001394E /* Preview Content */ = {
			isa = PBXGroup;
			children = (
				85B934232B07EDB60001394E /* Preview Assets.xcassets */,
			);
			path = "Preview Content";
			sourceTree = "<group>";
		};
		85EDB3882B1E44DF00B292E4 /* Views */ = {
			isa = PBXGroup;
			children = (
				85E4271E2B1E22480070D6E2 /* MainView.swift */,
				85B9342A2B07EDDB0001394E /* InsultView.swift */,
				85EDB3892B1E44FE00B292E4 /* InsultListView.swift */,
			);
			path = Views;
			sourceTree = "<group>";
		};
/* End PBXGroup section */

/* Begin PBXNativeTarget section */
		85B934172B07EDB40001394E /* HaveAtThe */ = {
			isa = PBXNativeTarget;
			buildConfigurationList = 85B934272B07EDB60001394E /* Build configuration list for PBXNativeTarget "HaveAtThe" */;
			buildPhases = (
				85B934142B07EDB40001394E /* Sources */,
				85B934152B07EDB40001394E /* Frameworks */,
				85B934162B07EDB40001394E /* Resources */,
			);
			buildRules = (
			);
			dependencies = (
			);
			name = HaveAtThe;
			productName = HaveAtThe;
			productReference = 85B934182B07EDB40001394E /* HaveAtThe.app */;
			productType = "com.apple.product-type.application";
		};
/* End PBXNativeTarget section */

/* Begin PBXProject section */
		85B934102B07EDB40001394E /* Project object */ = {
			isa = PBXProject;
			attributes = {
				BuildIndependentTargetsInParallel = 1;
				LastSwiftUpdateCheck = 1510;
				LastUpgradeCheck = 1510;
				TargetAttributes = {
					85B934172B07EDB40001394E = {
						CreatedOnToolsVersion = 15.1;
					};
				};
			};
			buildConfigurationList = 85B934132B07EDB40001394E /* Build configuration list for PBXProject "HaveAtThe" */;
			compatibilityVersion = "Xcode 14.0";
			developmentRegion = en;
			hasScannedForEncodings = 0;
			knownRegions = (
				en,
				Base,
			);
			mainGroup = 85B9340F2B07EDB40001394E;
			productRefGroup = 85B934192B07EDB40001394E /* Products */;
			projectDirPath = "";
			projectRoot = "";
			targets = (
				85B934172B07EDB40001394E /* HaveAtThe */,
			);
		};
/* End PBXProject section */

/* Begin PBXResourcesBuildPhase section */
		85B934162B07EDB40001394E /* Resources */ = {
			isa = PBXResourcesBuildPhase;
			buildActionMask = 2147483647;
			files = (
				85B9342F2B07EDE90001394E /* Launch Screen.storyboard in Resources */,
				85B934242B07EDB60001394E /* Preview Assets.xcassets in Resources */,
				85B934202B07EDB60001394E /* Assets.xcassets in Resources */,
			);
			runOnlyForDeploymentPostprocessing = 0;
		};
/* End PBXResourcesBuildPhase section */

/* Begin PBXSourcesBuildPhase section */
		85B934142B07EDB40001394E /* Sources */ = {
			isa = PBXSourcesBuildPhase;
			buildActionMask = 2147483647;
			files = (
				85B9342D2B07EDE20001394E /* Insult Generator.swift in Sources */,
				85E4271F2B1E22480070D6E2 /* MainView.swift in Sources */,
				85BE01F02B1BF6DF00AE90E7 /* Insult.swift in Sources */,
				85C000462B167C9B007F4E70 /* ActivityVCWrapper.swift in Sources */,
				85EDB3872B1E37F600B292E4 /* HelperViews.swift in Sources */,
				85EDB38A2B1E44FE00B292E4 /* InsultListView.swift in Sources */,
				85B9342B2B07EDDB0001394E /* InsultView.swift in Sources */,
				85B9341C2B07EDB40001394E /* HaveAtTheApp.swift in Sources */,
			);
			runOnlyForDeploymentPostprocessing = 0;
		};
/* End PBXSourcesBuildPhase section */

/* Begin XCBuildConfiguration section */
		85B934252B07EDB60001394E /* Debug */ = {
			isa = XCBuildConfiguration;
			buildSettings = {
				ALWAYS_SEARCH_USER_PATHS = NO;
				ASSETCATALOG_COMPILER_GENERATE_SWIFT_ASSET_SYMBOL_EXTENSIONS = YES;
				CLANG_ANALYZER_NONNULL = YES;
				CLANG_ANALYZER_NUMBER_OBJECT_CONVERSION = YES_AGGRESSIVE;
				CLANG_CXX_LANGUAGE_STANDARD = "gnu++20";
				CLANG_ENABLE_MODULES = YES;
				CLANG_ENABLE_OBJC_ARC = YES;
				CLANG_ENABLE_OBJC_WEAK = YES;
				CLANG_WARN_BLOCK_CAPTURE_AUTORELEASING = YES;
				CLANG_WARN_BOOL_CONVERSION = YES;
				CLANG_WARN_COMMA = YES;
				CLANG_WARN_CONSTANT_CONVERSION = YES;
				CLANG_WARN_DEPRECATED_OBJC_IMPLEMENTATIONS = YES;
				CLANG_WARN_DIRECT_OBJC_ISA_USAGE = YES_ERROR;
				CLANG_WARN_DOCUMENTATION_COMMENTS = YES;
				CLANG_WARN_EMPTY_BODY = YES;
				CLANG_WARN_ENUM_CONVERSION = YES;
				CLANG_WARN_INFINITE_RECURSION = YES;
				CLANG_WARN_INT_CONVERSION = YES;
				CLANG_WARN_NON_LITERAL_NULL_CONVERSION = YES;
				CLANG_WARN_OBJC_IMPLICIT_RETAIN_SELF = YES;
				CLANG_WARN_OBJC_LITERAL_CONVERSION = YES;
				CLANG_WARN_OBJC_ROOT_CLASS = YES_ERROR;
				CLANG_WARN_QUOTED_INCLUDE_IN_FRAMEWORK_HEADER = YES;
				CLANG_WARN_RANGE_LOOP_ANALYSIS = YES;
				CLANG_WARN_STRICT_PROTOTYPES = YES;
				CLANG_WARN_SUSPICIOUS_MOVE = YES;
				CLANG_WARN_UNGUARDED_AVAILABILITY = YES_AGGRESSIVE;
				CLANG_WARN_UNREACHABLE_CODE = YES;
				CLANG_WARN__DUPLICATE_METHOD_MATCH = YES;
				COPY_PHASE_STRIP = NO;
				DEBUG_INFORMATION_FORMAT = dwarf;
				ENABLE_STRICT_OBJC_MSGSEND = YES;
				ENABLE_TESTABILITY = YES;
				ENABLE_USER_SCRIPT_SANDBOXING = YES;
				GCC_C_LANGUAGE_STANDARD = gnu17;
				GCC_DYNAMIC_NO_PIC = NO;
				GCC_NO_COMMON_BLOCKS = YES;
				GCC_OPTIMIZATION_LEVEL = 0;
				GCC_PREPROCESSOR_DEFINITIONS = (
					"DEBUG=1",
					"$(inherited)",
				);
				GCC_WARN_64_TO_32_BIT_CONVERSION = YES;
				GCC_WARN_ABOUT_RETURN_TYPE = YES_ERROR;
				GCC_WARN_UNDECLARED_SELECTOR = YES;
				GCC_WARN_UNINITIALIZED_AUTOS = YES_AGGRESSIVE;
				GCC_WARN_UNUSED_FUNCTION = YES;
				GCC_WARN_UNUSED_VARIABLE = YES;
				IPHONEOS_DEPLOYMENT_TARGET = 17.0;
				LOCALIZATION_PREFERS_STRING_CATALOGS = YES;
				MACOSX_DEPLOYMENT_TARGET = 14.0;
				MTL_ENABLE_DEBUG_INFO = INCLUDE_SOURCE;
				MTL_FAST_MATH = YES;
				ONLY_ACTIVE_ARCH = YES;
				SWIFT_ACTIVE_COMPILATION_CONDITIONS = "DEBUG $(inherited)";
				SWIFT_OPTIMIZATION_LEVEL = "-Onone";
			};
			name = Debug;
		};
		85B934262B07EDB60001394E /* Release */ = {
			isa = XCBuildConfiguration;
			buildSettings = {
				ALWAYS_SEARCH_USER_PATHS = NO;
				ASSETCATALOG_COMPILER_GENERATE_SWIFT_ASSET_SYMBOL_EXTENSIONS = YES;
				CLANG_ANALYZER_NONNULL = YES;
				CLANG_ANALYZER_NUMBER_OBJECT_CONVERSION = YES_AGGRESSIVE;
				CLANG_CXX_LANGUAGE_STANDARD = "gnu++20";
				CLANG_ENABLE_MODULES = YES;
				CLANG_ENABLE_OBJC_ARC = YES;
				CLANG_ENABLE_OBJC_WEAK = YES;
				CLANG_WARN_BLOCK_CAPTURE_AUTORELEASING = YES;
				CLANG_WARN_BOOL_CONVERSION = YES;
				CLANG_WARN_COMMA = YES;
				CLANG_WARN_CONSTANT_CONVERSION = YES;
				CLANG_WARN_DEPRECATED_OBJC_IMPLEMENTATIONS = YES;
				CLANG_WARN_DIRECT_OBJC_ISA_USAGE = YES_ERROR;
				CLANG_WARN_DOCUMENTATION_COMMENTS = YES;
				CLANG_WARN_EMPTY_BODY = YES;
				CLANG_WARN_ENUM_CONVERSION = YES;
				CLANG_WARN_INFINITE_RECURSION = YES;
				CLANG_WARN_INT_CONVERSION = YES;
				CLANG_WARN_NON_LITERAL_NULL_CONVERSION = YES;
				CLANG_WARN_OBJC_IMPLICIT_RETAIN_SELF = YES;
				CLANG_WARN_OBJC_LITERAL_CONVERSION = YES;
				CLANG_WARN_OBJC_ROOT_CLASS = YES_ERROR;
				CLANG_WARN_QUOTED_INCLUDE_IN_FRAMEWORK_HEADER = YES;
				CLANG_WARN_RANGE_LOOP_ANALYSIS = YES;
				CLANG_WARN_STRICT_PROTOTYPES = YES;
				CLANG_WARN_SUSPICIOUS_MOVE = YES;
				CLANG_WARN_UNGUARDED_AVAILABILITY = YES_AGGRESSIVE;
				CLANG_WARN_UNREACHABLE_CODE = YES;
				CLANG_WARN__DUPLICATE_METHOD_MATCH = YES;
				COPY_PHASE_STRIP = NO;
				DEBUG_INFORMATION_FORMAT = "dwarf-with-dsym";
				ENABLE_NS_ASSERTIONS = NO;
				ENABLE_STRICT_OBJC_MSGSEND = YES;
				ENABLE_USER_SCRIPT_SANDBOXING = YES;
				GCC_C_LANGUAGE_STANDARD = gnu17;
				GCC_NO_COMMON_BLOCKS = YES;
				GCC_WARN_64_TO_32_BIT_CONVERSION = YES;
				GCC_WARN_ABOUT_RETURN_TYPE = YES_ERROR;
				GCC_WARN_UNDECLARED_SELECTOR = YES;
				GCC_WARN_UNINITIALIZED_AUTOS = YES_AGGRESSIVE;
				GCC_WARN_UNUSED_FUNCTION = YES;
				GCC_WARN_UNUSED_VARIABLE = YES;
				IPHONEOS_DEPLOYMENT_TARGET = 17.0;
				LOCALIZATION_PREFERS_STRING_CATALOGS = YES;
				MACOSX_DEPLOYMENT_TARGET = 14.0;
				MTL_ENABLE_DEBUG_INFO = NO;
				MTL_FAST_MATH = YES;
				SWIFT_COMPILATION_MODE = wholemodule;
			};
			name = Release;
		};
		85B934282B07EDB60001394E /* Debug */ = {
			isa = XCBuildConfiguration;
			buildSettings = {
				ASSETCATALOG_COMPILER_APPICON_NAME = AppIcon;
				ASSETCATALOG_COMPILER_GLOBAL_ACCENT_COLOR_NAME = AccentColor;
				ASSETCATALOG_COMPILER_INCLUDE_ALL_APPICON_ASSETS = YES;
				CODE_SIGN_ENTITLEMENTS = HaveAtThe/HaveAtThe.entitlements;
				CODE_SIGN_STYLE = Automatic;
				CURRENT_PROJECT_VERSION = 1;
				DEVELOPMENT_ASSET_PATHS = "\"HaveAtThe/Preview Content\"";
				DEVELOPMENT_TEAM = VZ3HPXJ4NG;
				ENABLE_HARDENED_RUNTIME = YES;
				ENABLE_PREVIEWS = YES;
				GENERATE_INFOPLIST_FILE = YES;
				INFOPLIST_KEY_CFBundleDisplayName = "Have At Thee";
				INFOPLIST_KEY_LSApplicationCategoryType = "public.app-category.entertainment";
				"INFOPLIST_KEY_UIApplicationSceneManifest_Generation[sdk=iphoneos*]" = YES;
				"INFOPLIST_KEY_UIApplicationSceneManifest_Generation[sdk=iphonesimulator*]" = YES;
				"INFOPLIST_KEY_UIApplicationSupportsIndirectInputEvents[sdk=iphoneos*]" = YES;
				"INFOPLIST_KEY_UIApplicationSupportsIndirectInputEvents[sdk=iphonesimulator*]" = YES;
				"INFOPLIST_KEY_UILaunchScreen_Generation[sdk=iphoneos*]" = YES;
				"INFOPLIST_KEY_UILaunchScreen_Generation[sdk=iphonesimulator*]" = YES;
				INFOPLIST_KEY_UILaunchStoryboardName = "Launch Screen.storyboard";
				"INFOPLIST_KEY_UIStatusBarStyle[sdk=iphoneos*]" = UIStatusBarStyleDefault;
				"INFOPLIST_KEY_UIStatusBarStyle[sdk=iphonesimulator*]" = UIStatusBarStyleDefault;
				INFOPLIST_KEY_UISupportedInterfaceOrientations_iPad = "UIInterfaceOrientationPortrait UIInterfaceOrientationPortraitUpsideDown UIInterfaceOrientationLandscapeLeft UIInterfaceOrientationLandscapeRight";
				INFOPLIST_KEY_UISupportedInterfaceOrientations_iPhone = "UIInterfaceOrientationPortrait UIInterfaceOrientationLandscapeLeft UIInterfaceOrientationLandscapeRight";
				IPHONEOS_DEPLOYMENT_TARGET = 17.0;
				LD_RUNPATH_SEARCH_PATHS = "@executable_path/Frameworks";
				"LD_RUNPATH_SEARCH_PATHS[sdk=macosx*]" = "@executable_path/../Frameworks";
				MACOSX_DEPLOYMENT_TARGET = 14.0;
				MARKETING_VERSION = 1.0;
				PRODUCT_BUNDLE_IDENTIFIER = com.majorssoft.HaveAtThe;
				PRODUCT_NAME = "$(TARGET_NAME)";
				SDKROOT = auto;
				SUPPORTED_PLATFORMS = "iphoneos iphonesimulator macosx";
				SWIFT_EMIT_LOC_STRINGS = YES;
				SWIFT_VERSION = 5.0;
				TARGETED_DEVICE_FAMILY = "1,2";
			};
			name = Debug;
		};
		85B934292B07EDB60001394E /* Release */ = {
			isa = XCBuildConfiguration;
			buildSettings = {
				ASSETCATALOG_COMPILER_APPICON_NAME = AppIcon;
				ASSETCATALOG_COMPILER_GLOBAL_ACCENT_COLOR_NAME = AccentColor;
				ASSETCATALOG_COMPILER_INCLUDE_ALL_APPICON_ASSETS = YES;
				CODE_SIGN_ENTITLEMENTS = HaveAtThe/HaveAtThe.entitlements;
				CODE_SIGN_STYLE = Automatic;
				CURRENT_PROJECT_VERSION = 1;
				DEVELOPMENT_ASSET_PATHS = "\"HaveAtThe/Preview Content\"";
				DEVELOPMENT_TEAM = VZ3HPXJ4NG;
				ENABLE_HARDENED_RUNTIME = YES;
				ENABLE_PREVIEWS = YES;
				GENERATE_INFOPLIST_FILE = YES;
				INFOPLIST_KEY_CFBundleDisplayName = "Have At Thee";
				INFOPLIST_KEY_LSApplicationCategoryType = "public.app-category.entertainment";
				"INFOPLIST_KEY_UIApplicationSceneManifest_Generation[sdk=iphoneos*]" = YES;
				"INFOPLIST_KEY_UIApplicationSceneManifest_Generation[sdk=iphonesimulator*]" = YES;
				"INFOPLIST_KEY_UIApplicationSupportsIndirectInputEvents[sdk=iphoneos*]" = YES;
				"INFOPLIST_KEY_UIApplicationSupportsIndirectInputEvents[sdk=iphonesimulator*]" = YES;
				"INFOPLIST_KEY_UILaunchScreen_Generation[sdk=iphoneos*]" = YES;
				"INFOPLIST_KEY_UILaunchScreen_Generation[sdk=iphonesimulator*]" = YES;
				INFOPLIST_KEY_UILaunchStoryboardName = "Launch Screen.storyboard";
				"INFOPLIST_KEY_UIStatusBarStyle[sdk=iphoneos*]" = UIStatusBarStyleDefault;
				"INFOPLIST_KEY_UIStatusBarStyle[sdk=iphonesimulator*]" = UIStatusBarStyleDefault;
				INFOPLIST_KEY_UISupportedInterfaceOrientations_iPad = "UIInterfaceOrientationPortrait UIInterfaceOrientationPortraitUpsideDown UIInterfaceOrientationLandscapeLeft UIInterfaceOrientationLandscapeRight";
				INFOPLIST_KEY_UISupportedInterfaceOrientations_iPhone = "UIInterfaceOrientationPortrait UIInterfaceOrientationLandscapeLeft UIInterfaceOrientationLandscapeRight";
				IPHONEOS_DEPLOYMENT_TARGET = 17.0;
				LD_RUNPATH_SEARCH_PATHS = "@executable_path/Frameworks";
				"LD_RUNPATH_SEARCH_PATHS[sdk=macosx*]" = "@executable_path/../Frameworks";
				MACOSX_DEPLOYMENT_TARGET = 14.0;
				MARKETING_VERSION = 1.0;
				PRODUCT_BUNDLE_IDENTIFIER = com.majorssoft.HaveAtThe;
				PRODUCT_NAME = "$(TARGET_NAME)";
				SDKROOT = auto;
				SUPPORTED_PLATFORMS = "iphoneos iphonesimulator macosx";
				SWIFT_EMIT_LOC_STRINGS = YES;
				SWIFT_VERSION = 5.0;
				TARGETED_DEVICE_FAMILY = "1,2";
			};
			name = Release;
		};
/* End XCBuildConfiguration section */

/* Begin XCConfigurationList section */
		85B934132B07EDB40001394E /* Build configuration list for PBXProject "HaveAtThe" */ = {
			isa = XCConfigurationList;
			buildConfigurations = (
				85B934252B07EDB60001394E /* Debug */,
				85B934262B07EDB60001394E /* Release */,
			);
			defaultConfigurationIsVisible = 0;
			defaultConfigurationName = Release;
		};
		85B934272B07EDB60001394E /* Build configuration list for PBXNativeTarget "HaveAtThe" */ = {
			isa = XCConfigurationList;
			buildConfigurations = (
				85B934282B07EDB60001394E /* Debug */,
				85B934292B07EDB60001394E /* Release */,
			);
			defaultConfigurationIsVisible = 0;
			defaultConfigurationName = Release;
		};
/* End XCConfigurationList section */
	};
	rootObject = 85B934102B07EDB40001394E /* Project object */;
}
